
Microsoft Visual Studio Solution File, Format Version 12.00
# Visual Studio Version 17
VisualStudioVersion = 17.14.36221.1 d17.14
MinimumVisualStudioVersion = 10.0.40219.1
Project("{FAE04EC0-301F-11D3-BF4B-00C04F79EFBC}") = "Library_mangment", "Library_mangment.csproj", "{90E42B61-7A1E-4473-9FF3-9AF97A102631}"
EndProject
Global
	GlobalSection(SolutionConfigurationPlatforms) = preSolution
		Debug|Any CPU = Debug|Any CPU
		Release|Any CPU = Release|Any CPU
	EndGlobalSection
	GlobalSection(ProjectConfigurationPlatforms) = postSolution
		{90E42B61-7A1E-4473-9FF3-9AF97A102631}.Debug|Any CPU.ActiveCfg = Debug|Any CPU
		{90E42B61-7A1E-4473-9FF3-9AF97A102631}.Debug|Any CPU.Build.0 = Debug|Any CPU
		{90E42B61-7A1E-4473-9FF3-9AF97A102631}.Release|Any CPU.ActiveCfg = Release|Any CPU
		{90E42B61-7A1E-4473-9FF3-9AF97A102631}.Release|Any CPU.Build.0 = Release|Any CPU
	EndGlobalSection
	GlobalSection(SolutionProperties) = preSolution
		HideSolutionNode = FALSE
	EndGlobalSection
	GlobalSection(ExtensibilityGlobals) = postSolution
		SolutionGuid = {44B39F62-20E1-44EB-8376-B2D38F5A775E}
	EndGlobalSection
EndGlobal
